// !$*UTF8*$!
{
	archiveVersion = 1;
	classes = {
	};
	objectVersion = 46;
	objects = {

/* Begin PBXBuildFile section */
		1D79703713E9B6C60006AEEA /* Downloads.xib in Resources */ = {isa = PBXBuildFile; fileRef = 1D79703613E9B6C60006AEEA /* Downloads.xib */; };
		1D79703B13E9B73D0006AEEA /* DownloadsController.m in Sources */ = {isa = PBXBuildFile; fileRef = 1D79703A13E9B73D0006AEEA /* DownloadsController.m */; };
		1DA9465F13E8B56A0089C368 /* AppController.m in Sources */ = {isa = PBXBuildFile; fileRef = 1DA9465E13E8B56A0089C368 /* AppController.m */; };
		1DAA989213E1BE260040BCB7 /* InfoPlist.strings in Resources */ = {isa = PBXBuildFile; fileRef = 1DAA989013E1BE260040BCB7 /* InfoPlist.strings */; };
		1DAA989513E1BE260040BCB7 /* main.m in Sources */ = {isa = PBXBuildFile; fileRef = 1DAA989413E1BE260040BCB7 /* main.m */; };
		1DAA989813E1BE260040BCB7 /* Credits.rtf in Resources */ = {isa = PBXBuildFile; fileRef = 1DAA989613E1BE260040BCB7 /* Credits.rtf */; };
		1DAA989B13E1BE260040BCB7 /* AppDelegate.m in Sources */ = {isa = PBXBuildFile; fileRef = 1DAA989A13E1BE260040BCB7 /* AppDelegate.m */; };
		1DAA989E13E1BE260040BCB7 /* MainMenu.xib in Resources */ = {isa = PBXBuildFile; fileRef = 1DAA989C13E1BE260040BCB7 /* MainMenu.xib */; };
		2F0D4FEE1AE9A13500D300CE /* Foundation.framework in Frameworks */ = {isa = PBXBuildFile; fileRef = 1DAA988C13E1BE260040BCB7 /* Foundation.framework */; };
		2F0D4FF21AE9B36F00D300CE /* Cocoa.framework in Frameworks */ = {isa = PBXBuildFile; fileRef = 1DAA988713E1BE260040BCB7 /* Cocoa.framework */; };
		2F39AFA91AE4515500E3FB96 /* MainWindow.m in Sources */ = {isa = PBXBuildFile; fileRef = 2F39AFA71AE4515500E3FB96 /* MainWindow.m */; };
		2F39AFAA1AE4515500E3FB96 /* MainWindow.xib in Resources */ = {isa = PBXBuildFile; fileRef = 2F39AFA81AE4515500E3FB96 /* MainWindow.xib */; };
		2F39AFAC1AE5860B00E3FB96 /* bmv-600.png in Resources */ = {isa = PBXBuildFile; fileRef = 2F39AFAB1AE5860B00E3FB96 /* bmv-600.png */; };
		2F39AFB01AE5A45100E3FB96 /* FloorplanWindow.m in Sources */ = {isa = PBXBuildFile; fileRef = 2F39AFAE1AE5A45100E3FB96 /* FloorplanWindow.m */; };
		2F39AFB11AE5A45100E3FB96 /* FloorplanWindow.xib in Resources */ = {isa = PBXBuildFile; fileRef = 2F39AFAF1AE5A45100E3FB96 /* FloorplanWindow.xib */; };
		2F5098A01ACDD09400F195ED /* ActionListWindow.m in Sources */ = {isa = PBXBuildFile; fileRef = 2F50989E1ACDD09400F195ED /* ActionListWindow.m */; };
		2F5098A11ACDD09400F195ED /* ActionListWindow.xib in Resources */ = {isa = PBXBuildFile; fileRef = 2F50989F1ACDD09400F195ED /* ActionListWindow.xib */; };
		2F5098A81ACF5B6700F195ED /* Remote.png in Resources */ = {isa = PBXBuildFile; fileRef = 2F5098A71ACF5B6700F195ED /* Remote.png */; };
		2F5098AA1ADA65EC00F195ED /* icon.icns in Resources */ = {isa = PBXBuildFile; fileRef = 2F5098A91ADA65EC00F195ED /* icon.icns */; };
		2F5098AC1ADA675D00F195ED /* icon_32x32@2x.png in Resources */ = {isa = PBXBuildFile; fileRef = 2F5098AB1ADA675D00F195ED /* icon_32x32@2x.png */; };
		2F5098B71ADA9F7E00F195ED /* PrefWindow.m in Sources */ = {isa = PBXBuildFile; fileRef = 2F5098B51ADA9F7E00F195ED /* PrefWindow.m */; };
		2F5098B81ADA9F7E00F195ED /* PrefWindow.xib in Resources */ = {isa = PBXBuildFile; fileRef = 2F5098B61ADA9F7E00F195ED /* PrefWindow.xib */; };
		2F5098BA1ADAA17B00F195ED /* iphone-clock.icns in Resources */ = {isa = PBXBuildFile; fileRef = 2F5098B91ADAA17B00F195ED /* iphone-clock.icns */; };
		2F5098BC1ADAA31D00F195ED /* System Prefs.icns in Resources */ = {isa = PBXBuildFile; fileRef = 2F5098BB1ADAA31D00F195ED /* System Prefs.icns */; };
		2F5098C21ADDC80000F195ED /* PrefGeneralView.m in Sources */ = {isa = PBXBuildFile; fileRef = 2F5098C01ADDC80000F195ED /* PrefGeneralView.m */; };
		2F5098C31ADDC80000F195ED /* PrefGeneralView.xib in Resources */ = {isa = PBXBuildFile; fileRef = 2F5098C11ADDC80000F195ED /* PrefGeneralView.xib */; };
		2F5098CC1ADDD79100F195ED /* PrefClockView.m in Sources */ = {isa = PBXBuildFile; fileRef = 2F5098CA1ADDD79100F195ED /* PrefClockView.m */; };
		2F5098CD1ADDD79100F195ED /* PrefClockView.xib in Resources */ = {isa = PBXBuildFile; fileRef = 2F5098CB1ADDD79100F195ED /* PrefClockView.xib */; };
		2F864D7F1B06E35300A2BA36 /* IDPNG_AV_Stopped@2x.png in Resources */ = {isa = PBXBuildFile; fileRef = 2F864D741B06E35300A2BA36 /* IDPNG_AV_Stopped@2x.png */; };
		2F864D801B06E35300A2BA36 /* IDPNG_Battery_0@2x.png in Resources */ = {isa = PBXBuildFile; fileRef = 2F864D751B06E35300A2BA36 /* IDPNG_Battery_0@2x.png */; };
		2F864D811B06E35300A2BA36 /* IDPNG_Battery_1@2x.png in Resources */ = {isa = PBXBuildFile; fileRef = 2F864D761B06E35300A2BA36 /* IDPNG_Battery_1@2x.png */; };
		2F864D821B06E35300A2BA36 /* IDPNG_Battery_2@2x.png in Resources */ = {isa = PBXBuildFile; fileRef = 2F864D771B06E35300A2BA36 /* IDPNG_Battery_2@2x.png */; };
		2F864D831B06E35300A2BA36 /* IDPNG_Battery_3@2x.png in Resources */ = {isa = PBXBuildFile; fileRef = 2F864D781B06E35300A2BA36 /* IDPNG_Battery_3@2x.png */; };
		2F864D841B06E35300A2BA36 /* IDPNG_Battery_4@2x.png in Resources */ = {isa = PBXBuildFile; fileRef = 2F864D791B06E35300A2BA36 /* IDPNG_Battery_4@2x.png */; };
		2F864D851B06E35300A2BA36 /* IDPNG_Device_Off@2x.png in Resources */ = {isa = PBXBuildFile; fileRef = 2F864D7A1B06E35300A2BA36 /* IDPNG_Device_Off@2x.png */; };
		2F864D861B06E35300A2BA36 /* IDPNG_Device_On@2x.png in Resources */ = {isa = PBXBuildFile; fileRef = 2F864D7B1B06E35300A2BA36 /* IDPNG_Device_On@2x.png */; };
		2F864D871B06E35300A2BA36 /* IDPNG_Dot_Gray@2x.png in Resources */ = {isa = PBXBuildFile; fileRef = 2F864D7C1B06E35300A2BA36 /* IDPNG_Dot_Gray@2x.png */; };
		2F864D881B06E35300A2BA36 /* IDPNG_Dot_Green@2x.png in Resources */ = {isa = PBXBuildFile; fileRef = 2F864D7D1B06E35300A2BA36 /* IDPNG_Dot_Green@2x.png */; };
		2F864D891B06E35300A2BA36 /* IDPNG_Dot_Red@2x.png in Resources */ = {isa = PBXBuildFile; fileRef = 2F864D7E1B06E35300A2BA36 /* IDPNG_Dot_Red@2x.png */; };
		2F864D8B1B075D9C00A2BA36 /* IDPNG_Kachel.png in Resources */ = {isa = PBXBuildFile; fileRef = 2F864D8A1B075D9C00A2BA36 /* IDPNG_Kachel.png */; };
		2F864D8D1B07619100A2BA36 /* IDPNG_Buffer.png in Resources */ = {isa = PBXBuildFile; fileRef = 2F864D8C1B07619100A2BA36 /* IDPNG_Buffer.png */; };
		2F864D901B0762D500A2BA36 /* IDPNG_Trojan.png in Resources */ = {isa = PBXBuildFile; fileRef = 2F864D8E1B0762D500A2BA36 /* IDPNG_Trojan.png */; };
		2F864D911B0762D500A2BA36 /* IDPNG_Yanmar.png in Resources */ = {isa = PBXBuildFile; fileRef = 2F864D8F1B0762D500A2BA36 /* IDPNG_Yanmar.png */; };
		2F864D941B077A4400A2BA36 /* IDPNG_TinyMoon.png in Resources */ = {isa = PBXBuildFile; fileRef = 2F864D921B077A4400A2BA36 /* IDPNG_TinyMoon.png */; };
		2F864D951B077A4400A2BA36 /* IDPNG_TinySun.png in Resources */ = {isa = PBXBuildFile; fileRef = 2F864D931B077A4400A2BA36 /* IDPNG_TinySun.png */; };
		2F864D971B07804700A2BA36 /* IDPNG_home.png in Resources */ = {isa = PBXBuildFile; fileRef = 2F864D961B07804700A2BA36 /* IDPNG_home.png */; };
		2FB80FE81AA348E30027BE18 /* WebKit.framework in Frameworks */ = {isa = PBXBuildFile; fileRef = 2FB80FE71AA348E30027BE18 /* WebKit.framework */; };
		2FB80FEA1AA34DD70027BE18 /* About.xib in Resources */ = {isa = PBXBuildFile; fileRef = 2FB80FE91AA34DD70027BE18 /* About.xib */; };
		2FB80FED1AA34EEA0027BE18 /* AboutController.m in Sources */ = {isa = PBXBuildFile; fileRef = 2FB80FEC1AA34EEA0027BE18 /* AboutController.m */; };
		2FB80FEF1AA358910027BE18 /* DeviceList.xib in Resources */ = {isa = PBXBuildFile; fileRef = 2FB80FEE1AA358910027BE18 /* DeviceList.xib */; };
		2FB80FF21AA358DD0027BE18 /* DeviceListWindow.m in Sources */ = {isa = PBXBuildFile; fileRef = 2FB80FF11AA358DD0027BE18 /* DeviceListWindow.m */; };
		2FE693DD1AF4FCFA0081821F /* IDPNG_Light_Off@2x.png in Resources */ = {isa = PBXBuildFile; fileRef = 2FE693DB1AF4FCFA0081821F /* IDPNG_Light_Off@2x.png */; };
		2FE693DE1AF4FCFA0081821F /* IDPNG_Light_On@2x.png in Resources */ = {isa = PBXBuildFile; fileRef = 2FE693DC1AF4FCFA0081821F /* IDPNG_Light_On@2x.png */; };
/* End PBXBuildFile section */

/* Begin PBXFileReference section */
		1D79703613E9B6C60006AEEA /* Downloads.xib */ = {isa = PBXFileReference; fileEncoding = 4; lastKnownFileType = file.xib; path = Downloads.xib; sourceTree = "<group>"; };
		1D79703913E9B73D0006AEEA /* DownloadsController.h */ = {isa = PBXFileReference; fileEncoding = 4; lastKnownFileType = sourcecode.c.h; path = DownloadsController.h; sourceTree = "<group>"; };
		1D79703A13E9B73D0006AEEA /* DownloadsController.m */ = {isa = PBXFileReference; fileEncoding = 4; lastKnownFileType = sourcecode.c.objc; path = DownloadsController.m; sourceTree = "<group>"; };
		1DA9465D13E8B56A0089C368 /* AppController.h */ = {isa = PBXFileReference; fileEncoding = 4; lastKnownFileType = sourcecode.c.h; path = AppController.h; sourceTree = "<group>"; };
		1DA9465E13E8B56A0089C368 /* AppController.m */ = {isa = PBXFileReference; fileEncoding = 4; lastKnownFileType = sourcecode.c.objc; path = AppController.m; sourceTree = "<group>"; };
		1DAA988313E1BE260040BCB7 /* BoneNode.app */ = {isa = PBXFileReference; explicitFileType = wrapper.application; includeInIndex = 0; path = BoneNode.app; sourceTree = BUILT_PRODUCTS_DIR; };
		1DAA988713E1BE260040BCB7 /* Cocoa.framework */ = {isa = PBXFileReference; lastKnownFileType = wrapper.framework; name = Cocoa.framework; path = System/Library/Frameworks/Cocoa.framework; sourceTree = SDKROOT; };
		1DAA988A13E1BE260040BCB7 /* AppKit.framework */ = {isa = PBXFileReference; lastKnownFileType = wrapper.framework; name = AppKit.framework; path = System/Library/Frameworks/AppKit.framework; sourceTree = SDKROOT; };
		1DAA988B13E1BE260040BCB7 /* CoreData.framework */ = {isa = PBXFileReference; lastKnownFileType = wrapper.framework; name = CoreData.framework; path = System/Library/Frameworks/CoreData.framework; sourceTree = SDKROOT; };
		1DAA988C13E1BE260040BCB7 /* Foundation.framework */ = {isa = PBXFileReference; lastKnownFileType = wrapper.framework; name = Foundation.framework; path = System/Library/Frameworks/Foundation.framework; sourceTree = SDKROOT; };
		1DAA988F13E1BE260040BCB7 /* Info.plist */ = {isa = PBXFileReference; lastKnownFileType = text.plist.xml; path = Info.plist; sourceTree = "<group>"; };
		1DAA989113E1BE260040BCB7 /* en */ = {isa = PBXFileReference; lastKnownFileType = text.plist.strings; name = en; path = en.lproj/InfoPlist.strings; sourceTree = "<group>"; };
		1DAA989313E1BE260040BCB7 /* Prefix.pch */ = {isa = PBXFileReference; lastKnownFileType = sourcecode.c.h; path = Prefix.pch; sourceTree = "<group>"; };
		1DAA989413E1BE260040BCB7 /* main.m */ = {isa = PBXFileReference; lastKnownFileType = sourcecode.c.objc; path = main.m; sourceTree = "<group>"; };
		1DAA989713E1BE260040BCB7 /* en */ = {isa = PBXFileReference; lastKnownFileType = text.rtf; name = en; path = en.lproj/Credits.rtf; sourceTree = "<group>"; };
		1DAA989913E1BE260040BCB7 /* AppDelegate.h */ = {isa = PBXFileReference; lastKnownFileType = sourcecode.c.h; path = AppDelegate.h; sourceTree = "<group>"; };
		1DAA989A13E1BE260040BCB7 /* AppDelegate.m */ = {isa = PBXFileReference; lastKnownFileType = sourcecode.c.objc; path = AppDelegate.m; sourceTree = "<group>"; };
		1DAA989D13E1BE260040BCB7 /* en */ = {isa = PBXFileReference; lastKnownFileType = file.xib; name = en; path = en.lproj/MainMenu.xib; sourceTree = "<group>"; };
		2F39AFA61AE4515500E3FB96 /* MainWindow.h */ = {isa = PBXFileReference; fileEncoding = 4; lastKnownFileType = sourcecode.c.h; path = MainWindow.h; sourceTree = "<group>"; };
		2F39AFA71AE4515500E3FB96 /* MainWindow.m */ = {isa = PBXFileReference; fileEncoding = 4; lastKnownFileType = sourcecode.c.objc; path = MainWindow.m; sourceTree = "<group>"; };
		2F39AFA81AE4515500E3FB96 /* MainWindow.xib */ = {isa = PBXFileReference; fileEncoding = 4; lastKnownFileType = file.xib; path = MainWindow.xib; sourceTree = "<group>"; };
		2F39AFAB1AE5860B00E3FB96 /* bmv-600.png */ = {isa = PBXFileReference; lastKnownFileType = image.png; path = "bmv-600.png"; sourceTree = "<group>"; };
		2F39AFAD1AE5A45100E3FB96 /* FloorplanWindow.h */ = {isa = PBXFileReference; fileEncoding = 4; lastKnownFileType = sourcecode.c.h; path = FloorplanWindow.h; sourceTree = "<group>"; };
		2F39AFAE1AE5A45100E3FB96 /* FloorplanWindow.m */ = {isa = PBXFileReference; fileEncoding = 4; lastKnownFileType = sourcecode.c.objc; path = FloorplanWindow.m; sourceTree = "<group>"; };
		2F39AFAF1AE5A45100E3FB96 /* FloorplanWindow.xib */ = {isa = PBXFileReference; fileEncoding = 4; lastKnownFileType = file.xib; path = FloorplanWindow.xib; sourceTree = "<group>"; };
		2F50989D1ACDD09400F195ED /* ActionListWindow.h */ = {isa = PBXFileReference; fileEncoding = 4; lastKnownFileType = sourcecode.c.h; path = ActionListWindow.h; sourceTree = "<group>"; };
		2F50989E1ACDD09400F195ED /* ActionListWindow.m */ = {isa = PBXFileReference; fileEncoding = 4; lastKnownFileType = sourcecode.c.objc; path = ActionListWindow.m; sourceTree = "<group>"; };
		2F50989F1ACDD09400F195ED /* ActionListWindow.xib */ = {isa = PBXFileReference; fileEncoding = 4; lastKnownFileType = file.xib; path = ActionListWindow.xib; sourceTree = "<group>"; };
		2F5098A71ACF5B6700F195ED /* Remote.png */ = {isa = PBXFileReference; lastKnownFileType = image.png; path = Remote.png; sourceTree = "<group>"; };
		2F5098A91ADA65EC00F195ED /* icon.icns */ = {isa = PBXFileReference; lastKnownFileType = image.icns; path = icon.icns; sourceTree = "<group>"; };
		2F5098AB1ADA675D00F195ED /* icon_32x32@2x.png */ = {isa = PBXFileReference; lastKnownFileType = image.png; path = "icon_32x32@2x.png"; sourceTree = "<group>"; };
		2F5098B41ADA9F7E00F195ED /* PrefWindow.h */ = {isa = PBXFileReference; fileEncoding = 4; lastKnownFileType = sourcecode.c.h; path = PrefWindow.h; sourceTree = "<group>"; };
		2F5098B51ADA9F7E00F195ED /* PrefWindow.m */ = {isa = PBXFileReference; fileEncoding = 4; lastKnownFileType = sourcecode.c.objc; path = PrefWindow.m; sourceTree = "<group>"; };
		2F5098B61ADA9F7E00F195ED /* PrefWindow.xib */ = {isa = PBXFileReference; fileEncoding = 4; lastKnownFileType = file.xib; path = PrefWindow.xib; sourceTree = "<group>"; };
		2F5098B91ADAA17B00F195ED /* iphone-clock.icns */ = {isa = PBXFileReference; lastKnownFileType = image.icns; name = "iphone-clock.icns"; path = "../../../Downloads/iphone-clock.icns"; sourceTree = "<group>"; };
		2F5098BB1ADAA31D00F195ED /* System Prefs.icns */ = {isa = PBXFileReference; lastKnownFileType = image.icns; name = "System Prefs.icns"; path = "../../../Downloads/System Prefs/System Prefs.icns"; sourceTree = "<group>"; };
		2F5098BF1ADDC80000F195ED /* PrefGeneralView.h */ = {isa = PBXFileReference; fileEncoding = 4; lastKnownFileType = sourcecode.c.h; path = PrefGeneralView.h; sourceTree = "<group>"; };
		2F5098C01ADDC80000F195ED /* PrefGeneralView.m */ = {isa = PBXFileReference; fileEncoding = 4; lastKnownFileType = sourcecode.c.objc; path = PrefGeneralView.m; sourceTree = "<group>"; };
		2F5098C11ADDC80000F195ED /* PrefGeneralView.xib */ = {isa = PBXFileReference; fileEncoding = 4; lastKnownFileType = file.xib; path = PrefGeneralView.xib; sourceTree = "<group>"; };
		2F5098C91ADDD79100F195ED /* PrefClockView.h */ = {isa = PBXFileReference; fileEncoding = 4; lastKnownFileType = sourcecode.c.h; path = PrefClockView.h; sourceTree = "<group>"; };
		2F5098CA1ADDD79100F195ED /* PrefClockView.m */ = {isa = PBXFileReference; fileEncoding = 4; lastKnownFileType = sourcecode.c.objc; path = PrefClockView.m; sourceTree = "<group>"; };
		2F5098CB1ADDD79100F195ED /* PrefClockView.xib */ = {isa = PBXFileReference; fileEncoding = 4; lastKnownFileType = file.xib; path = PrefClockView.xib; sourceTree = "<group>"; };
		2F864D741B06E35300A2BA36 /* IDPNG_AV_Stopped@2x.png */ = {isa = PBXFileReference; lastKnownFileType = image.png; path = "IDPNG_AV_Stopped@2x.png"; sourceTree = "<group>"; };
		2F864D751B06E35300A2BA36 /* IDPNG_Battery_0@2x.png */ = {isa = PBXFileReference; lastKnownFileType = image.png; path = "IDPNG_Battery_0@2x.png"; sourceTree = "<group>"; };
		2F864D761B06E35300A2BA36 /* IDPNG_Battery_1@2x.png */ = {isa = PBXFileReference; lastKnownFileType = image.png; path = "IDPNG_Battery_1@2x.png"; sourceTree = "<group>"; };
		2F864D771B06E35300A2BA36 /* IDPNG_Battery_2@2x.png */ = {isa = PBXFileReference; lastKnownFileType = image.png; path = "IDPNG_Battery_2@2x.png"; sourceTree = "<group>"; };
		2F864D781B06E35300A2BA36 /* IDPNG_Battery_3@2x.png */ = {isa = PBXFileReference; lastKnownFileType = image.png; path = "IDPNG_Battery_3@2x.png"; sourceTree = "<group>"; };
		2F864D791B06E35300A2BA36 /* IDPNG_Battery_4@2x.png */ = {isa = PBXFileReference; lastKnownFileType = image.png; path = "IDPNG_Battery_4@2x.png"; sourceTree = "<group>"; };
		2F864D7A1B06E35300A2BA36 /* IDPNG_Device_Off@2x.png */ = {isa = PBXFileReference; lastKnownFileType = image.png; path = "IDPNG_Device_Off@2x.png"; sourceTree = "<group>"; };
		2F864D7B1B06E35300A2BA36 /* IDPNG_Device_On@2x.png */ = {isa = PBXFileReference; lastKnownFileType = image.png; path = "IDPNG_Device_On@2x.png"; sourceTree = "<group>"; };
		2F864D7C1B06E35300A2BA36 /* IDPNG_Dot_Gray@2x.png */ = {isa = PBXFileReference; lastKnownFileType = image.png; path = "IDPNG_Dot_Gray@2x.png"; sourceTree = "<group>"; };
		2F864D7D1B06E35300A2BA36 /* IDPNG_Dot_Green@2x.png */ = {isa = PBXFileReference; lastKnownFileType = image.png; path = "IDPNG_Dot_Green@2x.png"; sourceTree = "<group>"; };
		2F864D7E1B06E35300A2BA36 /* IDPNG_Dot_Red@2x.png */ = {isa = PBXFileReference; lastKnownFileType = image.png; path = "IDPNG_Dot_Red@2x.png"; sourceTree = "<group>"; };
		2F864D8A1B075D9C00A2BA36 /* IDPNG_Kachel.png */ = {isa = PBXFileReference; lastKnownFileType = image.png; path = IDPNG_Kachel.png; sourceTree = "<group>"; };
		2F864D8C1B07619100A2BA36 /* IDPNG_Buffer.png */ = {isa = PBXFileReference; lastKnownFileType = image.png; path = IDPNG_Buffer.png; sourceTree = "<group>"; };
		2F864D8E1B0762D500A2BA36 /* IDPNG_Trojan.png */ = {isa = PBXFileReference; lastKnownFileType = image.png; path = IDPNG_Trojan.png; sourceTree = "<group>"; };
		2F864D8F1B0762D500A2BA36 /* IDPNG_Yanmar.png */ = {isa = PBXFileReference; lastKnownFileType = image.png; path = IDPNG_Yanmar.png; sourceTree = "<group>"; };
		2F864D921B077A4400A2BA36 /* IDPNG_TinyMoon.png */ = {isa = PBXFileReference; lastKnownFileType = image.png; path = IDPNG_TinyMoon.png; sourceTree = "<group>"; };
		2F864D931B077A4400A2BA36 /* IDPNG_TinySun.png */ = {isa = PBXFileReference; lastKnownFileType = image.png; path = IDPNG_TinySun.png; sourceTree = "<group>"; };
		2F864D961B07804700A2BA36 /* IDPNG_home.png */ = {isa = PBXFileReference; lastKnownFileType = image.png; path = IDPNG_home.png; sourceTree = "<group>"; };
		2FB80FE71AA348E30027BE18 /* WebKit.framework */ = {isa = PBXFileReference; lastKnownFileType = wrapper.framework; name = WebKit.framework; path = System/Library/Frameworks/WebKit.framework; sourceTree = SDKROOT; };
		2FB80FE91AA34DD70027BE18 /* About.xib */ = {isa = PBXFileReference; fileEncoding = 4; lastKnownFileType = file.xib; path = About.xib; sourceTree = "<group>"; };
		2FB80FEB1AA34EEA0027BE18 /* AboutController.h */ = {isa = PBXFileReference; fileEncoding = 4; lastKnownFileType = sourcecode.c.h; path = AboutController.h; sourceTree = "<group>"; };
		2FB80FEC1AA34EEA0027BE18 /* AboutController.m */ = {isa = PBXFileReference; fileEncoding = 4; lastKnownFileType = sourcecode.c.objc; path = AboutController.m; sourceTree = "<group>"; };
		2FB80FEE1AA358910027BE18 /* DeviceList.xib */ = {isa = PBXFileReference; fileEncoding = 4; lastKnownFileType = file.xib; path = DeviceList.xib; sourceTree = "<group>"; };
		2FB80FF01AA358DD0027BE18 /* DeviceListWindow.h */ = {isa = PBXFileReference; fileEncoding = 4; lastKnownFileType = sourcecode.c.h; path = DeviceListWindow.h; sourceTree = "<group>"; };
		2FB80FF11AA358DD0027BE18 /* DeviceListWindow.m */ = {isa = PBXFileReference; fileEncoding = 4; lastKnownFileType = sourcecode.c.objc; path = DeviceListWindow.m; sourceTree = "<group>"; };
		2FE693DB1AF4FCFA0081821F /* IDPNG_Light_Off@2x.png */ = {isa = PBXFileReference; lastKnownFileType = image.png; path = "IDPNG_Light_Off@2x.png"; sourceTree = "<group>"; };
		2FE693DC1AF4FCFA0081821F /* IDPNG_Light_On@2x.png */ = {isa = PBXFileReference; lastKnownFileType = image.png; path = "IDPNG_Light_On@2x.png"; sourceTree = "<group>"; };
/* End PBXFileReference section */

/* Begin PBXFrameworksBuildPhase section */
		1DAA988013E1BE260040BCB7 /* Frameworks */ = {
			isa = PBXFrameworksBuildPhase;
			buildActionMask = 2147483647;
			files = (
				2F0D4FF21AE9B36F00D300CE /* Cocoa.framework in Frameworks */,
				2F0D4FEE1AE9A13500D300CE /* Foundation.framework in Frameworks */,
				2FB80FE81AA348E30027BE18 /* WebKit.framework in Frameworks */,
			);
			runOnlyForDeploymentPostprocessing = 0;
		};
/* End PBXFrameworksBuildPhase section */

/* Begin PBXGroup section */
		1DAA987813E1BE260040BCB7 = {
			isa = PBXGroup;
			children = (
				1DAA988D13E1BE260040BCB7 /* Source */,
				1DAA988613E1BE260040BCB7 /* Frameworks */,
				1DAA988413E1BE260040BCB7 /* Products */,
			);
			sourceTree = "<group>";
		};
		1DAA988413E1BE260040BCB7 /* Products */ = {
			isa = PBXGroup;
			children = (
				1DAA988313E1BE260040BCB7 /* BoneNode.app */,
			);
			name = Products;
			sourceTree = "<group>";
		};
		1DAA988613E1BE260040BCB7 /* Frameworks */ = {
			isa = PBXGroup;
			children = (
				2FB80FE71AA348E30027BE18 /* WebKit.framework */,
				1DAA988713E1BE260040BCB7 /* Cocoa.framework */,
				1DAA988913E1BE260040BCB7 /* Other Frameworks */,
			);
			name = Frameworks;
			sourceTree = "<group>";
		};
		1DAA988913E1BE260040BCB7 /* Other Frameworks */ = {
			isa = PBXGroup;
			children = (
				1DAA988A13E1BE260040BCB7 /* AppKit.framework */,
				1DAA988B13E1BE260040BCB7 /* CoreData.framework */,
				1DAA988C13E1BE260040BCB7 /* Foundation.framework */,
			);
			name = "Other Frameworks";
			sourceTree = "<group>";
		};
		1DAA988D13E1BE260040BCB7 /* Source */ = {
			isa = PBXGroup;
			children = (
				1DAA989913E1BE260040BCB7 /* AppDelegate.h */,
				1DAA989A13E1BE260040BCB7 /* AppDelegate.m */,
				1DA9465D13E8B56A0089C368 /* AppController.h */,
				1DA9465E13E8B56A0089C368 /* AppController.m */,
				1DAA989C13E1BE260040BCB7 /* MainMenu.xib */,
				2F39AFA61AE4515500E3FB96 /* MainWindow.h */,
				2F39AFA71AE4515500E3FB96 /* MainWindow.m */,
				2F39AFA81AE4515500E3FB96 /* MainWindow.xib */,
				2F864D961B07804700A2BA36 /* IDPNG_home.png */,
				2F5098B41ADA9F7E00F195ED /* PrefWindow.h */,
				2F5098B51ADA9F7E00F195ED /* PrefWindow.m */,
				2F5098B61ADA9F7E00F195ED /* PrefWindow.xib */,
				2F5098BF1ADDC80000F195ED /* PrefGeneralView.h */,
				2F5098C01ADDC80000F195ED /* PrefGeneralView.m */,
				2F5098C11ADDC80000F195ED /* PrefGeneralView.xib */,
				2F5098C91ADDD79100F195ED /* PrefClockView.h */,
				2F5098CA1ADDD79100F195ED /* PrefClockView.m */,
				2F5098CB1ADDD79100F195ED /* PrefClockView.xib */,
				2F39AFAD1AE5A45100E3FB96 /* FloorplanWindow.h */,
				2F39AFAE1AE5A45100E3FB96 /* FloorplanWindow.m */,
				2F39AFAF1AE5A45100E3FB96 /* FloorplanWindow.xib */,
				2F50989D1ACDD09400F195ED /* ActionListWindow.h */,
				2F50989E1ACDD09400F195ED /* ActionListWindow.m */,
				2F50989F1ACDD09400F195ED /* ActionListWindow.xib */,
				2FB80FF01AA358DD0027BE18 /* DeviceListWindow.h */,
				2FB80FF11AA358DD0027BE18 /* DeviceListWindow.m */,
				2FB80FEE1AA358910027BE18 /* DeviceList.xib */,
				2FB80FEB1AA34EEA0027BE18 /* AboutController.h */,
				2FB80FEC1AA34EEA0027BE18 /* AboutController.m */,
				2FB80FE91AA34DD70027BE18 /* About.xib */,
				1D79703613E9B6C60006AEEA /* Downloads.xib */,
				1D79703913E9B73D0006AEEA /* DownloadsController.h */,
				1D79703A13E9B73D0006AEEA /* DownloadsController.m */,
				1DAA988E13E1BE260040BCB7 /* Supporting Files */,
			);
			path = Source;
			sourceTree = "<group>";
		};
		1DAA988E13E1BE260040BCB7 /* Supporting Files */ = {
			isa = PBXGroup;
			children = (
				2F864D921B077A4400A2BA36 /* IDPNG_TinyMoon.png */,
				2F864D931B077A4400A2BA36 /* IDPNG_TinySun.png */,
				2F864D8A1B075D9C00A2BA36 /* IDPNG_Kachel.png */,
				2F864D8E1B0762D500A2BA36 /* IDPNG_Trojan.png */,
				2F864D8F1B0762D500A2BA36 /* IDPNG_Yanmar.png */,
				2F864D8C1B07619100A2BA36 /* IDPNG_Buffer.png */,
				2F864D741B06E35300A2BA36 /* IDPNG_AV_Stopped@2x.png */,
				2F864D751B06E35300A2BA36 /* IDPNG_Battery_0@2x.png */,
				2F864D761B06E35300A2BA36 /* IDPNG_Battery_1@2x.png */,
				2F864D771B06E35300A2BA36 /* IDPNG_Battery_2@2x.png */,
				2F864D781B06E35300A2BA36 /* IDPNG_Battery_3@2x.png */,
				2F864D791B06E35300A2BA36 /* IDPNG_Battery_4@2x.png */,
				2F864D7A1B06E35300A2BA36 /* IDPNG_Device_Off@2x.png */,
				2F864D7B1B06E35300A2BA36 /* IDPNG_Device_On@2x.png */,
				2F864D7C1B06E35300A2BA36 /* IDPNG_Dot_Gray@2x.png */,
				2F864D7D1B06E35300A2BA36 /* IDPNG_Dot_Green@2x.png */,
				2F864D7E1B06E35300A2BA36 /* IDPNG_Dot_Red@2x.png */,
				2FE693DB1AF4FCFA0081821F /* IDPNG_Light_Off@2x.png */,
				2FE693DC1AF4FCFA0081821F /* IDPNG_Light_On@2x.png */,
				2F39AFAB1AE5860B00E3FB96 /* bmv-600.png */,
				2F5098B91ADAA17B00F195ED /* iphone-clock.icns */,
				2F5098A71ACF5B6700F195ED /* Remote.png */,
				2F5098A91ADA65EC00F195ED /* icon.icns */,
				2F5098BB1ADAA31D00F195ED /* System Prefs.icns */,
				1DAA988F13E1BE260040BCB7 /* Info.plist */,
				1DAA989013E1BE260040BCB7 /* InfoPlist.strings */,
				1DAA989313E1BE260040BCB7 /* Prefix.pch */,
				2F5098AB1ADA675D00F195ED /* icon_32x32@2x.png */,
				1DAA989413E1BE260040BCB7 /* main.m */,
				1DAA989613E1BE260040BCB7 /* Credits.rtf */,
			);
			name = "Supporting Files";
			sourceTree = "<group>";
		};
/* End PBXGroup section */

/* Begin PBXNativeTarget section */
		1DAA988213E1BE260040BCB7 /* BoneNode */ = {
			isa = PBXNativeTarget;
			buildConfigurationList = 1DAA98A113E1BE260040BCB7 /* Build configuration list for PBXNativeTarget "BoneNode" */;
			buildPhases = (
				1DAA987F13E1BE260040BCB7 /* Sources */,
				1DAA988013E1BE260040BCB7 /* Frameworks */,
				1DAA988113E1BE260040BCB7 /* Resources */,
			);
			buildRules = (
			);
			dependencies = (
			);
			name = BoneNode;
			productName = "Lesson 18";
			productReference = 1DAA988313E1BE260040BCB7 /* BoneNode.app */;
			productType = "com.apple.product-type.application";
		};
/* End PBXNativeTarget section */

/* Begin PBXProject section */
		1DAA987A13E1BE260040BCB7 /* Project object */ = {
			isa = PBXProject;
			attributes = {
				LastUpgradeCheck = 0610;
			};
			buildConfigurationList = 1DAA987D13E1BE260040BCB7 /* Build configuration list for PBXProject "BoneNode" */;
			compatibilityVersion = "Xcode 3.2";
			developmentRegion = English;
			hasScannedForEncodings = 0;
			knownRegions = (
				en,
			);
			mainGroup = 1DAA987813E1BE260040BCB7;
			productRefGroup = 1DAA988413E1BE260040BCB7 /* Products */;
			projectDirPath = "";
			projectRoot = "";
			targets = (
				1DAA988213E1BE260040BCB7 /* BoneNode */,
			);
		};
/* End PBXProject section */

/* Begin PBXResourcesBuildPhase section */
		1DAA988113E1BE260040BCB7 /* Resources */ = {
			isa = PBXResourcesBuildPhase;
			buildActionMask = 2147483647;
			files = (
				2F5098B81ADA9F7E00F195ED /* PrefWindow.xib in Resources */,
				2F864D8D1B07619100A2BA36 /* IDPNG_Buffer.png in Resources */,
				2F864D7F1B06E35300A2BA36 /* IDPNG_AV_Stopped@2x.png in Resources */,
				1DAA989213E1BE260040BCB7 /* InfoPlist.strings in Resources */,
				2F5098BA1ADAA17B00F195ED /* iphone-clock.icns in Resources */,
				2F39AFB11AE5A45100E3FB96 /* FloorplanWindow.xib in Resources */,
				2F5098A81ACF5B6700F195ED /* Remote.png in Resources */,
				2F5098BC1ADAA31D00F195ED /* System Prefs.icns in Resources */,
				2F5098CD1ADDD79100F195ED /* PrefClockView.xib in Resources */,
				2FE693DE1AF4FCFA0081821F /* IDPNG_Light_On@2x.png in Resources */,
				2F5098A11ACDD09400F195ED /* ActionListWindow.xib in Resources */,
				2FE693DD1AF4FCFA0081821F /* IDPNG_Light_Off@2x.png in Resources */,
				2F864D911B0762D500A2BA36 /* IDPNG_Yanmar.png in Resources */,
				2F864D971B07804700A2BA36 /* IDPNG_home.png in Resources */,
				2F864D881B06E35300A2BA36 /* IDPNG_Dot_Green@2x.png in Resources */,
				1DAA989813E1BE260040BCB7 /* Credits.rtf in Resources */,
				2F864D861B06E35300A2BA36 /* IDPNG_Device_On@2x.png in Resources */,
				2F864D841B06E35300A2BA36 /* IDPNG_Battery_4@2x.png in Resources */,
				2F5098AA1ADA65EC00F195ED /* icon.icns in Resources */,
				2F864D951B077A4400A2BA36 /* IDPNG_TinySun.png in Resources */,
				2F864D871B06E35300A2BA36 /* IDPNG_Dot_Gray@2x.png in Resources */,
				2F864D901B0762D500A2BA36 /* IDPNG_Trojan.png in Resources */,
				2F864D811B06E35300A2BA36 /* IDPNG_Battery_1@2x.png in Resources */,
				1DAA989E13E1BE260040BCB7 /* MainMenu.xib in Resources */,
				2F864D801B06E35300A2BA36 /* IDPNG_Battery_0@2x.png in Resources */,
				2F864D941B077A4400A2BA36 /* IDPNG_TinyMoon.png in Resources */,
				2F864D891B06E35300A2BA36 /* IDPNG_Dot_Red@2x.png in Resources */,
				2F864D831B06E35300A2BA36 /* IDPNG_Battery_3@2x.png in Resources */,
				2F864D821B06E35300A2BA36 /* IDPNG_Battery_2@2x.png in Resources */,
				2FB80FEF1AA358910027BE18 /* DeviceList.xib in Resources */,
				2FB80FEA1AA34DD70027BE18 /* About.xib in Resources */,
				2F5098AC1ADA675D00F195ED /* icon_32x32@2x.png in Resources */,
				1D79703713E9B6C60006AEEA /* Downloads.xib in Resources */,
				2F5098C31ADDC80000F195ED /* PrefGeneralView.xib in Resources */,
				2F864D8B1B075D9C00A2BA36 /* IDPNG_Kachel.png in Resources */,
				2F864D851B06E35300A2BA36 /* IDPNG_Device_Off@2x.png in Resources */,
				2F39AFAC1AE5860B00E3FB96 /* bmv-600.png in Resources */,
				2F39AFAA1AE4515500E3FB96 /* MainWindow.xib in Resources */,
			);
			runOnlyForDeploymentPostprocessing = 0;
		};
/* End PBXResourcesBuildPhase section */

/* Begin PBXSourcesBuildPhase section */
		1DAA987F13E1BE260040BCB7 /* Sources */ = {
			isa = PBXSourcesBuildPhase;
			buildActionMask = 2147483647;
			files = (
				1DAA989513E1BE260040BCB7 /* main.m in Sources */,
				2F39AFB01AE5A45100E3FB96 /* FloorplanWindow.m in Sources */,
				1DAA989B13E1BE260040BCB7 /* AppDelegate.m in Sources */,
				2F5098A01ACDD09400F195ED /* ActionListWindow.m in Sources */,
				2F5098C21ADDC80000F195ED /* PrefGeneralView.m in Sources */,
				1DA9465F13E8B56A0089C368 /* AppController.m in Sources */,
				2FB80FED1AA34EEA0027BE18 /* AboutController.m in Sources */,
				2F5098B71ADA9F7E00F195ED /* PrefWindow.m in Sources */,
				2F39AFA91AE4515500E3FB96 /* MainWindow.m in Sources */,
				1D79703B13E9B73D0006AEEA /* DownloadsController.m in Sources */,
				2FB80FF21AA358DD0027BE18 /* DeviceListWindow.m in Sources */,
				2F5098CC1ADDD79100F195ED /* PrefClockView.m in Sources */,
			);
			runOnlyForDeploymentPostprocessing = 0;
		};
/* End PBXSourcesBuildPhase section */

/* Begin PBXVariantGroup section */
		1DAA989013E1BE260040BCB7 /* InfoPlist.strings */ = {
			isa = PBXVariantGroup;
			children = (
				1DAA989113E1BE260040BCB7 /* en */,
			);
			name = InfoPlist.strings;
			sourceTree = "<group>";
		};
		1DAA989613E1BE260040BCB7 /* Credits.rtf */ = {
			isa = PBXVariantGroup;
			children = (
				1DAA989713E1BE260040BCB7 /* en */,
			);
			name = Credits.rtf;
			sourceTree = "<group>";
		};
		1DAA989C13E1BE260040BCB7 /* MainMenu.xib */ = {
			isa = PBXVariantGroup;
			children = (
				1DAA989D13E1BE260040BCB7 /* en */,
			);
			name = MainMenu.xib;
			sourceTree = "<group>";
		};
/* End PBXVariantGroup section */

/* Begin XCBuildConfiguration section */
		1DAA989F13E1BE260040BCB7 /* Debug */ = {
			isa = XCBuildConfiguration;
			buildSettings = {
				CLANG_WARN_BOOL_CONVERSION = YES;
				CLANG_WARN_CONSTANT_CONVERSION = YES;
				CLANG_WARN_EMPTY_BODY = YES;
				CLANG_WARN_ENUM_CONVERSION = YES;
				CLANG_WARN_INT_CONVERSION = YES;
				CLANG_WARN_UNREACHABLE_CODE = YES;
				CLANG_WARN__DUPLICATE_METHOD_MATCH = YES;
				ENABLE_STRICT_OBJC_MSGSEND = YES;
				GCC_C_LANGUAGE_STANDARD = gnu99;
				GCC_OPTIMIZATION_LEVEL = 0;
				GCC_PREPROCESSOR_DEFINITIONS = DEBUG;
				GCC_SYMBOLS_PRIVATE_EXTERN = NO;
				GCC_VERSION = com.apple.compilers.llvm.clang.1_0;
				GCC_WARN_64_TO_32_BIT_CONVERSION = YES;
				GCC_WARN_ABOUT_RETURN_TYPE = YES;
				GCC_WARN_UNDECLARED_SELECTOR = YES;
				GCC_WARN_UNINITIALIZED_AUTOS = YES;
				GCC_WARN_UNUSED_FUNCTION = YES;
				GCC_WARN_UNUSED_VARIABLE = YES;
				MACOSX_DEPLOYMENT_TARGET = 10.6;
				ONLY_ACTIVE_ARCH = YES;
				SDKROOT = macosx;
			};
			name = Debug;
		};
		1DAA98A013E1BE260040BCB7 /* Release */ = {
			isa = XCBuildConfiguration;
			buildSettings = {
				CLANG_WARN_BOOL_CONVERSION = YES;
				CLANG_WARN_CONSTANT_CONVERSION = YES;
				CLANG_WARN_EMPTY_BODY = YES;
				CLANG_WARN_ENUM_CONVERSION = YES;
				CLANG_WARN_INT_CONVERSION = YES;
				CLANG_WARN_UNREACHABLE_CODE = YES;
				CLANG_WARN__DUPLICATE_METHOD_MATCH = YES;
				ENABLE_STRICT_OBJC_MSGSEND = YES;
				GCC_C_LANGUAGE_STANDARD = gnu99;
				GCC_VERSION = com.apple.compilers.llvm.clang.1_0;
				GCC_WARN_64_TO_32_BIT_CONVERSION = YES;
				GCC_WARN_ABOUT_RETURN_TYPE = YES;
				GCC_WARN_UNDECLARED_SELECTOR = YES;
				GCC_WARN_UNINITIALIZED_AUTOS = YES;
				GCC_WARN_UNUSED_FUNCTION = YES;
				GCC_WARN_UNUSED_VARIABLE = YES;
				MACOSX_DEPLOYMENT_TARGET = 10.6;
				SDKROOT = macosx;
			};
			name = Release;
		};
		1DAA98A213E1BE260040BCB7 /* Debug */ = {
			isa = XCBuildConfiguration;
			buildSettings = {
				ALWAYS_SEARCH_USER_PATHS = NO;
				COMBINE_HIDPI_IMAGES = YES;
				COPY_PHASE_STRIP = NO;
				GCC_DYNAMIC_NO_PIC = NO;
				GCC_ENABLE_OBJC_EXCEPTIONS = YES;
				GCC_PRECOMPILE_PREFIX_HEADER = YES;
				GCC_PREFIX_HEADER = Source/Prefix.pch;
				INFOPLIST_FILE = "$(SRCROOT)/Source/Info.plist";
				LD_RUNPATH_SEARCH_PATHS = "$(inherited) @executable_path/../Frameworks";
				MACOSX_DEPLOYMENT_TARGET = 10.10;
				PRODUCT_NAME = BoneNode;
				WRAPPER_EXTENSION = app;
			};
			name = Debug;
		};
		1DAA98A313E1BE260040BCB7 /* Release */ = {
			isa = XCBuildConfiguration;
			buildSettings = {
				ALWAYS_SEARCH_USER_PATHS = NO;
				COMBINE_HIDPI_IMAGES = YES;
				COPY_PHASE_STRIP = YES;
				DEBUG_INFORMATION_FORMAT = "dwarf-with-dsym";
				GCC_ENABLE_OBJC_EXCEPTIONS = YES;
				GCC_PRECOMPILE_PREFIX_HEADER = YES;
				GCC_PREFIX_HEADER = Source/Prefix.pch;
				INFOPLIST_FILE = "$(SRCROOT)/Source/Info.plist";
				LD_RUNPATH_SEARCH_PATHS = "$(inherited) @executable_path/../Frameworks";
				MACOSX_DEPLOYMENT_TARGET = 10.10;
				PRODUCT_NAME = BoneNode;
				WRAPPER_EXTENSION = app;
			};
			name = Release;
		};
/* End XCBuildConfiguration section */

/* Begin XCConfigurationList section */
		1DAA987D13E1BE260040BCB7 /* Build configuration list for PBXProject "BoneNode" */ = {
			isa = XCConfigurationList;
			buildConfigurations = (
				1DAA989F13E1BE260040BCB7 /* Debug */,
				1DAA98A013E1BE260040BCB7 /* Release */,
			);
			defaultConfigurationIsVisible = 0;
			defaultConfigurationName = Release;
		};
		1DAA98A113E1BE260040BCB7 /* Build configuration list for PBXNativeTarget "BoneNode" */ = {
			isa = XCConfigurationList;
			buildConfigurations = (
				1DAA98A213E1BE260040BCB7 /* Debug */,
				1DAA98A313E1BE260040BCB7 /* Release */,
			);
			defaultConfigurationIsVisible = 0;
			defaultConfigurationName = Release;
		};
/* End XCConfigurationList section */
	};
	rootObject = 1DAA987A13E1BE260040BCB7 /* Project object */;
}
